
Microsoft Visual Studio Solution File, Format Version 12.00
# Visual Studio Version 17
VisualStudioVersion = 17.6.33815.320
MinimumVisualStudioVersion = 10.0.40219.1
Project("{9A19103F-16F7-4668-BE54-9A1E7A4F7556}") = "SportsClubUser", "..\SportsProject\SportsClubUser\SportsClubUser.csproj", "{C01341AA-B9B6-46FE-AA2A-DF0BDF74D1B4}"
EndProject
Project("{9A19103F-16F7-4668-BE54-9A1E7A4F7556}") = "SportsClubAdmin", "..\SportsProject\SportsClubAdmin\SportsClubAdmin.csproj", "{17F69696-C923-4F54-B8E2-EE450BE4AD8B}"
EndProject
Project("{9A19103F-16F7-4668-BE54-9A1E7A4F7556}") = "Models", "..\SportsProject\Models\Models.csproj", "{929154E3-B85A-497E-B468-67E70A181A84}"
EndProject
Global
	GlobalSection(SolutionConfigurationPlatforms) = preSolution
		Debug|Any CPU = Debug|Any CPU
		Release|Any CPU = Release|Any CPU
	EndGlobalSection
	GlobalSection(ProjectConfigurationPlatforms) = postSolution
		{C01341AA-B9B6-46FE-AA2A-DF0BDF74D1B4}.Debug|Any CPU.ActiveCfg = Debug|Any CPU
		{C01341AA-B9B6-46FE-AA2A-DF0BDF74D1B4}.Debug|Any CPU.Build.0 = Debug|Any CPU
		{C01341AA-B9B6-46FE-AA2A-DF0BDF74D1B4}.Release|Any CPU.ActiveCfg = Release|Any CPU
		{C01341AA-B9B6-46FE-AA2A-DF0BDF74D1B4}.Release|Any CPU.Build.0 = Release|Any CPU
		{17F69696-C923-4F54-B8E2-EE450BE4AD8B}.Debug|Any CPU.ActiveCfg = Debug|Any CPU
		{17F69696-C923-4F54-B8E2-EE450BE4AD8B}.Debug|Any CPU.Build.0 = Debug|Any CPU
		{17F69696-C923-4F54-B8E2-EE450BE4AD8B}.Release|Any CPU.ActiveCfg = Release|Any CPU
		{17F69696-C923-4F54-B8E2-EE450BE4AD8B}.Release|Any CPU.Build.0 = Release|Any CPU
		{929154E3-B85A-497E-B468-67E70A181A84}.Debug|Any CPU.ActiveCfg = Debug|Any CPU
		{929154E3-B85A-497E-B468-67E70A181A84}.Debug|Any CPU.Build.0 = Debug|Any CPU
		{929154E3-B85A-497E-B468-67E70A181A84}.Release|Any CPU.ActiveCfg = Release|Any CPU
		{929154E3-B85A-497E-B468-67E70A181A84}.Release|Any CPU.Build.0 = Release|Any CPU
	EndGlobalSection
	GlobalSection(SolutionProperties) = preSolution
		HideSolutionNode = FALSE
	EndGlobalSection
	GlobalSection(ExtensibilityGlobals) = postSolution
		SolutionGuid = {2D9BF03C-728B-4F22-8051-9C4E29644432}
	EndGlobalSection
EndGlobal
