
Microsoft Visual Studio Solution File, Format Version 12.00
# Visual Studio Version 17
VisualStudioVersion = 17.6.33723.286
MinimumVisualStudioVersion = 10.0.40219.1
Project("{FAE04EC0-301F-11D3-BF4B-00C04F79EFBC}") = "StudentWebAPI", "StudentWebAPI.csproj", "{AFEDEB16-D65C-426C-B590-E9F7BE8733AC}"
EndProject
Project("{FAE04EC0-301F-11D3-BF4B-00C04F79EFBC}") = "StudentCrudByUsingWebApiCore", "..\StudentCrudByUsingWebApiCore\StudentCrudByUsingWebApiCore.csproj", "{59736ADB-4174-41B2-9ECB-DBBF580688BC}"
EndProject
Global
	GlobalSection(SolutionConfigurationPlatforms) = preSolution
		Debug|Any CPU = Debug|Any CPU
		Release|Any CPU = Release|Any CPU
	EndGlobalSection
	GlobalSection(ProjectConfigurationPlatforms) = postSolution
		{AFEDEB16-D65C-426C-B590-E9F7BE8733AC}.Debug|Any CPU.ActiveCfg = Debug|Any CPU
		{AFEDEB16-D65C-426C-B590-E9F7BE8733AC}.Debug|Any CPU.Build.0 = Debug|Any CPU
		{AFEDEB16-D65C-426C-B590-E9F7BE8733AC}.Release|Any CPU.ActiveCfg = Release|Any CPU
		{AFEDEB16-D65C-426C-B590-E9F7BE8733AC}.Release|Any CPU.Build.0 = Release|Any CPU
		{59736ADB-4174-41B2-9ECB-DBBF580688BC}.Debug|Any CPU.ActiveCfg = Debug|Any CPU
		{59736ADB-4174-41B2-9ECB-DBBF580688BC}.Debug|Any CPU.Build.0 = Debug|Any CPU
		{59736ADB-4174-41B2-9ECB-DBBF580688BC}.Release|Any CPU.ActiveCfg = Release|Any CPU
		{59736ADB-4174-41B2-9ECB-DBBF580688BC}.Release|Any CPU.Build.0 = Release|Any CPU
	EndGlobalSection
	GlobalSection(SolutionProperties) = preSolution
		HideSolutionNode = FALSE
	EndGlobalSection
	GlobalSection(ExtensibilityGlobals) = postSolution
		SolutionGuid = {A432A897-88D9-422F-9B53-57EB28308FDA}
	EndGlobalSection
EndGlobal
