
Microsoft Visual Studio Solution File, Format Version 12.00
# Visual Studio Version 17
VisualStudioVersion = 17.6.33723.286
MinimumVisualStudioVersion = 10.0.40219.1
Project("{FAE04EC0-301F-11D3-BF4B-00C04F79EFBC}") = "CrudMVC", "CrudMVC.csproj", "{C651978B-038C-450E-8314-5BA56BA9D2AD}"
EndProject
Project("{FAE04EC0-301F-11D3-BF4B-00C04F79EFBC}") = "form", "..\form\form.csproj", "{3D9005E1-FA5F-48B0-8AFC-0F58CAC53B1B}"
EndProject
Global
	GlobalSection(SolutionConfigurationPlatforms) = preSolution
		Debug|Any CPU = Debug|Any CPU
		Release|Any CPU = Release|Any CPU
	EndGlobalSection
	GlobalSection(ProjectConfigurationPlatforms) = postSolution
		{C651978B-038C-450E-8314-5BA56BA9D2AD}.Debug|Any CPU.ActiveCfg = Debug|Any CPU
		{C651978B-038C-450E-8314-5BA56BA9D2AD}.Debug|Any CPU.Build.0 = Debug|Any CPU
		{C651978B-038C-450E-8314-5BA56BA9D2AD}.Release|Any CPU.ActiveCfg = Release|Any CPU
		{C651978B-038C-450E-8314-5BA56BA9D2AD}.Release|Any CPU.Build.0 = Release|Any CPU
		{3D9005E1-FA5F-48B0-8AFC-0F58CAC53B1B}.Debug|Any CPU.ActiveCfg = Debug|Any CPU
		{3D9005E1-FA5F-48B0-8AFC-0F58CAC53B1B}.Debug|Any CPU.Build.0 = Debug|Any CPU
		{3D9005E1-FA5F-48B0-8AFC-0F58CAC53B1B}.Release|Any CPU.ActiveCfg = Release|Any CPU
		{3D9005E1-FA5F-48B0-8AFC-0F58CAC53B1B}.Release|Any CPU.Build.0 = Release|Any CPU
	EndGlobalSection
	GlobalSection(SolutionProperties) = preSolution
		HideSolutionNode = FALSE
	EndGlobalSection
	GlobalSection(ExtensibilityGlobals) = postSolution
		SolutionGuid = {DC04BA58-3E91-4689-B187-2F4B6546F231}
	EndGlobalSection
EndGlobal
