
Microsoft Visual Studio Solution File, Format Version 12.00
# Visual Studio Version 17
VisualStudioVersion = 17.6.33723.286
MinimumVisualStudioVersion = 10.0.40219.1
Project("{FAE04EC0-301F-11D3-BF4B-00C04F79EFBC}") = "Student", "Student.csproj", "{01F3290D-55B5-4BF4-843E-F9544DAD594D}"
EndProject
Project("{FAE04EC0-301F-11D3-BF4B-00C04F79EFBC}") = "LinqToMysql", "..\LinqToMysql\LinqToMysql.csproj", "{8AF9D912-6C5A-4174-8794-83872AAFC85A}"
EndProject
Global
	GlobalSection(SolutionConfigurationPlatforms) = preSolution
		Debug|Any CPU = Debug|Any CPU
		Release|Any CPU = Release|Any CPU
	EndGlobalSection
	GlobalSection(ProjectConfigurationPlatforms) = postSolution
		{01F3290D-55B5-4BF4-843E-F9544DAD594D}.Debug|Any CPU.ActiveCfg = Debug|Any CPU
		{01F3290D-55B5-4BF4-843E-F9544DAD594D}.Debug|Any CPU.Build.0 = Debug|Any CPU
		{01F3290D-55B5-4BF4-843E-F9544DAD594D}.Release|Any CPU.ActiveCfg = Release|Any CPU
		{01F3290D-55B5-4BF4-843E-F9544DAD594D}.Release|Any CPU.Build.0 = Release|Any CPU
		{8AF9D912-6C5A-4174-8794-83872AAFC85A}.Debug|Any CPU.ActiveCfg = Debug|Any CPU
		{8AF9D912-6C5A-4174-8794-83872AAFC85A}.Debug|Any CPU.Build.0 = Debug|Any CPU
		{8AF9D912-6C5A-4174-8794-83872AAFC85A}.Release|Any CPU.ActiveCfg = Release|Any CPU
		{8AF9D912-6C5A-4174-8794-83872AAFC85A}.Release|Any CPU.Build.0 = Release|Any CPU
	EndGlobalSection
	GlobalSection(SolutionProperties) = preSolution
		HideSolutionNode = FALSE
	EndGlobalSection
	GlobalSection(ExtensibilityGlobals) = postSolution
		SolutionGuid = {D43B9388-D5C9-4189-B0AF-F5BC5E3F73C0}
	EndGlobalSection
EndGlobal
