
Microsoft Visual Studio Solution File, Format Version 12.00
# Visual Studio Version 17
VisualStudioVersion = 17.6.33815.320
MinimumVisualStudioVersion = 10.0.40219.1
Project("{9A19103F-16F7-4668-BE54-9A1E7A4F7556}") = "SportsClubUser", "..\SportsClubUser\SportsClubUser.csproj", "{7A6AA9AD-56C3-4734-8C71-38589B7A4A6A}"
EndProject
Project("{9A19103F-16F7-4668-BE54-9A1E7A4F7556}") = "SportsClubAdmin", "..\SportsClubAdmin\SportsClubAdmin.csproj", "{B5C1EEDB-90D7-42D7-8249-7D64CAD33AB8}"
EndProject
Project("{9A19103F-16F7-4668-BE54-9A1E7A4F7556}") = "Models", "..\..\..\..\Downloads\Models\Models.csproj", "{9891787D-9FEE-4FE5-AE6A-AC3973D9E457}"
EndProject
Project("{9A19103F-16F7-4668-BE54-9A1E7A4F7556}") = "SportsClubUserTests", "SportsClubUserTests\SportsClubUserTests.csproj", "{86E46DDB-7EE1-4B27-9FFE-BAC8EDDFDC2A}"
EndProject
Project("{9A19103F-16F7-4668-BE54-9A1E7A4F7556}") = "SportsClubAdminTests", "SportsClubAdminTests\SportsClubAdminTests.csproj", "{03733C9E-F6E4-4AFE-B0F3-4695BB4FD82B}"
EndProject
Global
	GlobalSection(SolutionConfigurationPlatforms) = preSolution
		Debug|Any CPU = Debug|Any CPU
		Release|Any CPU = Release|Any CPU
	EndGlobalSection
	GlobalSection(ProjectConfigurationPlatforms) = postSolution
		{7A6AA9AD-56C3-4734-8C71-38589B7A4A6A}.Debug|Any CPU.ActiveCfg = Debug|Any CPU
		{7A6AA9AD-56C3-4734-8C71-38589B7A4A6A}.Debug|Any CPU.Build.0 = Debug|Any CPU
		{7A6AA9AD-56C3-4734-8C71-38589B7A4A6A}.Release|Any CPU.ActiveCfg = Release|Any CPU
		{7A6AA9AD-56C3-4734-8C71-38589B7A4A6A}.Release|Any CPU.Build.0 = Release|Any CPU
		{B5C1EEDB-90D7-42D7-8249-7D64CAD33AB8}.Debug|Any CPU.ActiveCfg = Debug|Any CPU
		{B5C1EEDB-90D7-42D7-8249-7D64CAD33AB8}.Debug|Any CPU.Build.0 = Debug|Any CPU
		{B5C1EEDB-90D7-42D7-8249-7D64CAD33AB8}.Release|Any CPU.ActiveCfg = Release|Any CPU
		{B5C1EEDB-90D7-42D7-8249-7D64CAD33AB8}.Release|Any CPU.Build.0 = Release|Any CPU
		{9891787D-9FEE-4FE5-AE6A-AC3973D9E457}.Debug|Any CPU.ActiveCfg = Debug|Any CPU
		{9891787D-9FEE-4FE5-AE6A-AC3973D9E457}.Debug|Any CPU.Build.0 = Debug|Any CPU
		{9891787D-9FEE-4FE5-AE6A-AC3973D9E457}.Release|Any CPU.ActiveCfg = Release|Any CPU
		{9891787D-9FEE-4FE5-AE6A-AC3973D9E457}.Release|Any CPU.Build.0 = Release|Any CPU
		{86E46DDB-7EE1-4B27-9FFE-BAC8EDDFDC2A}.Debug|Any CPU.ActiveCfg = Debug|Any CPU
		{86E46DDB-7EE1-4B27-9FFE-BAC8EDDFDC2A}.Debug|Any CPU.Build.0 = Debug|Any CPU
		{86E46DDB-7EE1-4B27-9FFE-BAC8EDDFDC2A}.Release|Any CPU.ActiveCfg = Release|Any CPU
		{86E46DDB-7EE1-4B27-9FFE-BAC8EDDFDC2A}.Release|Any CPU.Build.0 = Release|Any CPU
		{03733C9E-F6E4-4AFE-B0F3-4695BB4FD82B}.Debug|Any CPU.ActiveCfg = Debug|Any CPU
		{03733C9E-F6E4-4AFE-B0F3-4695BB4FD82B}.Debug|Any CPU.Build.0 = Debug|Any CPU
		{03733C9E-F6E4-4AFE-B0F3-4695BB4FD82B}.Release|Any CPU.ActiveCfg = Release|Any CPU
		{03733C9E-F6E4-4AFE-B0F3-4695BB4FD82B}.Release|Any CPU.Build.0 = Release|Any CPU
	EndGlobalSection
	GlobalSection(SolutionProperties) = preSolution
		HideSolutionNode = FALSE
	EndGlobalSection
	GlobalSection(ExtensibilityGlobals) = postSolution
		SolutionGuid = {23C5B09B-5B0F-4D84-92F2-0BE867426FF9}
	EndGlobalSection
EndGlobal
