
Microsoft Visual Studio Solution File, Format Version 12.00
# Visual Studio Version 17
VisualStudioVersion = 17.6.33723.286
MinimumVisualStudioVersion = 10.0.40219.1
Project("{FAE04EC0-301F-11D3-BF4B-00C04F79EFBC}") = "MVCCrudUsingOneToOne", "MVCCrudUsingOneToOne.csproj", "{A219F498-F84F-459D-9C84-9F039CB2B0A1}"
EndProject
Project("{FAE04EC0-301F-11D3-BF4B-00C04F79EFBC}") = "MVCCrudUsingOneToMany", "..\MVCCrudUsingOneToMany\MVCCrudUsingOneToMany.csproj", "{C87D23DA-19A2-45A0-B1F7-72E3EA4839EA}"
EndProject
Project("{FAE04EC0-301F-11D3-BF4B-00C04F79EFBC}") = "asp.netwebapiproject", "..\asp.netwebapiproject\asp.netwebapiproject.csproj", "{F0845CB8-1C9A-4547-8C93-5448A3CE885F}"
EndProject
Global
	GlobalSection(SolutionConfigurationPlatforms) = preSolution
		Debug|Any CPU = Debug|Any CPU
		Release|Any CPU = Release|Any CPU
	EndGlobalSection
	GlobalSection(ProjectConfigurationPlatforms) = postSolution
		{A219F498-F84F-459D-9C84-9F039CB2B0A1}.Debug|Any CPU.ActiveCfg = Debug|Any CPU
		{A219F498-F84F-459D-9C84-9F039CB2B0A1}.Debug|Any CPU.Build.0 = Debug|Any CPU
		{A219F498-F84F-459D-9C84-9F039CB2B0A1}.Release|Any CPU.ActiveCfg = Release|Any CPU
		{A219F498-F84F-459D-9C84-9F039CB2B0A1}.Release|Any CPU.Build.0 = Release|Any CPU
		{C87D23DA-19A2-45A0-B1F7-72E3EA4839EA}.Debug|Any CPU.ActiveCfg = Debug|Any CPU
		{C87D23DA-19A2-45A0-B1F7-72E3EA4839EA}.Debug|Any CPU.Build.0 = Debug|Any CPU
		{C87D23DA-19A2-45A0-B1F7-72E3EA4839EA}.Release|Any CPU.ActiveCfg = Release|Any CPU
		{C87D23DA-19A2-45A0-B1F7-72E3EA4839EA}.Release|Any CPU.Build.0 = Release|Any CPU
		{F0845CB8-1C9A-4547-8C93-5448A3CE885F}.Debug|Any CPU.ActiveCfg = Debug|Any CPU
		{F0845CB8-1C9A-4547-8C93-5448A3CE885F}.Debug|Any CPU.Build.0 = Debug|Any CPU
		{F0845CB8-1C9A-4547-8C93-5448A3CE885F}.Release|Any CPU.ActiveCfg = Release|Any CPU
		{F0845CB8-1C9A-4547-8C93-5448A3CE885F}.Release|Any CPU.Build.0 = Release|Any CPU
	EndGlobalSection
	GlobalSection(SolutionProperties) = preSolution
		HideSolutionNode = FALSE
	EndGlobalSection
	GlobalSection(ExtensibilityGlobals) = postSolution
		SolutionGuid = {078C3E98-AD25-4E52-B522-370B955F1BD8}
	EndGlobalSection
EndGlobal
