
Microsoft Visual Studio Solution File, Format Version 12.00
# Visual Studio Version 17
VisualStudioVersion = 17.6.33723.286
MinimumVisualStudioVersion = 10.0.40219.1
Project("{FAE04EC0-301F-11D3-BF4B-00C04F79EFBC}") = "OOPS", "OOPS.csproj", "{977EE5B5-D903-4350-81A3-985C6243DAB2}"
EndProject
Global
	GlobalSection(SolutionConfigurationPlatforms) = preSolution
		Debug|Any CPU = Debug|Any CPU
		Release|Any CPU = Release|Any CPU
	EndGlobalSection
	GlobalSection(ProjectConfigurationPlatforms) = postSolution
		{977EE5B5-D903-4350-81A3-985C6243DAB2}.Debug|Any CPU.ActiveCfg = Debug|Any CPU
		{977EE5B5-D903-4350-81A3-985C6243DAB2}.Debug|Any CPU.Build.0 = Debug|Any CPU
		{977EE5B5-D903-4350-81A3-985C6243DAB2}.Release|Any CPU.ActiveCfg = Release|Any CPU
		{977EE5B5-D903-4350-81A3-985C6243DAB2}.Release|Any CPU.Build.0 = Release|Any CPU
	EndGlobalSection
	GlobalSection(SolutionProperties) = preSolution
		HideSolutionNode = FALSE
	EndGlobalSection
	GlobalSection(ExtensibilityGlobals) = postSolution
		SolutionGuid = {2B64AC45-7D2B-424B-9E5B-B61A995ECC51}
	EndGlobalSection
EndGlobal
