
Microsoft Visual Studio Solution File, Format Version 12.00
# Visual Studio Version 17
VisualStudioVersion = 17.6.33815.320
MinimumVisualStudioVersion = 10.0.40219.1
Project("{FAE04EC0-301F-11D3-BF4B-00C04F79EFBC}") = "WepApi", "WepApi.csproj", "{8CF2EAF4-6156-4B5E-8A96-EB82B3E4EB7E}"
EndProject
Global
	GlobalSection(SolutionConfigurationPlatforms) = preSolution
		Debug|Any CPU = Debug|Any CPU
		Release|Any CPU = Release|Any CPU
	EndGlobalSection
	GlobalSection(ProjectConfigurationPlatforms) = postSolution
		{8CF2EAF4-6156-4B5E-8A96-EB82B3E4EB7E}.Debug|Any CPU.ActiveCfg = Debug|Any CPU
		{8CF2EAF4-6156-4B5E-8A96-EB82B3E4EB7E}.Debug|Any CPU.Build.0 = Debug|Any CPU
		{8CF2EAF4-6156-4B5E-8A96-EB82B3E4EB7E}.Release|Any CPU.ActiveCfg = Release|Any CPU
		{8CF2EAF4-6156-4B5E-8A96-EB82B3E4EB7E}.Release|Any CPU.Build.0 = Release|Any CPU
	EndGlobalSection
	GlobalSection(SolutionProperties) = preSolution
		HideSolutionNode = FALSE
	EndGlobalSection
	GlobalSection(ExtensibilityGlobals) = postSolution
		SolutionGuid = {8303A7DE-58C4-46F2-8AB7-A8239277A994}
	EndGlobalSection
EndGlobal
