
Microsoft Visual Studio Solution File, Format Version 12.00
# Visual Studio Version 17
VisualStudioVersion = 17.6.33815.320
MinimumVisualStudioVersion = 10.0.40219.1
Project("{FAE04EC0-301F-11D3-BF4B-00C04F79EFBC}") = "WepApiCrudUsingEntityFramework", "WepApiCrudUsingEntityFramework.csproj", "{53E8404A-4CEA-4B27-8BAF-33B6448E8704}"
EndProject
Global
	GlobalSection(SolutionConfigurationPlatforms) = preSolution
		Debug|Any CPU = Debug|Any CPU
		Release|Any CPU = Release|Any CPU
	EndGlobalSection
	GlobalSection(ProjectConfigurationPlatforms) = postSolution
		{53E8404A-4CEA-4B27-8BAF-33B6448E8704}.Debug|Any CPU.ActiveCfg = Debug|Any CPU
		{53E8404A-4CEA-4B27-8BAF-33B6448E8704}.Debug|Any CPU.Build.0 = Debug|Any CPU
		{53E8404A-4CEA-4B27-8BAF-33B6448E8704}.Release|Any CPU.ActiveCfg = Release|Any CPU
		{53E8404A-4CEA-4B27-8BAF-33B6448E8704}.Release|Any CPU.Build.0 = Release|Any CPU
	EndGlobalSection
	GlobalSection(SolutionProperties) = preSolution
		HideSolutionNode = FALSE
	EndGlobalSection
	GlobalSection(ExtensibilityGlobals) = postSolution
		SolutionGuid = {23DDC5E4-32E0-4E85-90D0-1912C4A3C8D9}
	EndGlobalSection
EndGlobal
