
Microsoft Visual Studio Solution File, Format Version 12.00
# Visual Studio Version 17
VisualStudioVersion = 17.6.33723.286
MinimumVisualStudioVersion = 10.0.40219.1
Project("{FAE04EC0-301F-11D3-BF4B-00C04F79EFBC}") = "Programs", "Programs.csproj", "{26F70653-3E08-43FF-A3AA-A1F50C6C9EAE}"
EndProject
Project("{FAE04EC0-301F-11D3-BF4B-00C04F79EFBC}") = "OOPSPractice", "..\OOPSPractice\OOPSPractice.csproj", "{D1785759-A867-4E71-B934-E3FE7A8AA0A7}"
EndProject
Global
	GlobalSection(SolutionConfigurationPlatforms) = preSolution
		Debug|Any CPU = Debug|Any CPU
		Release|Any CPU = Release|Any CPU
	EndGlobalSection
	GlobalSection(ProjectConfigurationPlatforms) = postSolution
		{26F70653-3E08-43FF-A3AA-A1F50C6C9EAE}.Debug|Any CPU.ActiveCfg = Debug|Any CPU
		{26F70653-3E08-43FF-A3AA-A1F50C6C9EAE}.Debug|Any CPU.Build.0 = Debug|Any CPU
		{26F70653-3E08-43FF-A3AA-A1F50C6C9EAE}.Release|Any CPU.ActiveCfg = Release|Any CPU
		{26F70653-3E08-43FF-A3AA-A1F50C6C9EAE}.Release|Any CPU.Build.0 = Release|Any CPU
		{D1785759-A867-4E71-B934-E3FE7A8AA0A7}.Debug|Any CPU.ActiveCfg = Debug|Any CPU
		{D1785759-A867-4E71-B934-E3FE7A8AA0A7}.Debug|Any CPU.Build.0 = Debug|Any CPU
		{D1785759-A867-4E71-B934-E3FE7A8AA0A7}.Release|Any CPU.ActiveCfg = Release|Any CPU
		{D1785759-A867-4E71-B934-E3FE7A8AA0A7}.Release|Any CPU.Build.0 = Release|Any CPU
	EndGlobalSection
	GlobalSection(SolutionProperties) = preSolution
		HideSolutionNode = FALSE
	EndGlobalSection
	GlobalSection(ExtensibilityGlobals) = postSolution
		SolutionGuid = {FD7D3D07-DB3E-4616-BD85-8F799F2C0DFA}
	EndGlobalSection
EndGlobal
