
Microsoft Visual Studio Solution File, Format Version 12.00
# Visual Studio Version 17
VisualStudioVersion = 17.6.33723.286
MinimumVisualStudioVersion = 10.0.40219.1
Project("{FAE04EC0-301F-11D3-BF4B-00C04F79EFBC}") = "FirstWebApplication", "FirstWebApplication.csproj", "{0CE26B5C-F2CF-4C00-8E31-C49938777D9E}"
EndProject
Project("{FAE04EC0-301F-11D3-BF4B-00C04F79EFBC}") = "FormControllsValidation", "..\FormControllsValidation\FormControllsValidation.csproj", "{C4152352-3806-47F0-8925-3CFA20AAC280}"
EndProject
Global
	GlobalSection(SolutionConfigurationPlatforms) = preSolution
		Debug|Any CPU = Debug|Any CPU
		Release|Any CPU = Release|Any CPU
	EndGlobalSection
	GlobalSection(ProjectConfigurationPlatforms) = postSolution
		{0CE26B5C-F2CF-4C00-8E31-C49938777D9E}.Debug|Any CPU.ActiveCfg = Debug|Any CPU
		{0CE26B5C-F2CF-4C00-8E31-C49938777D9E}.Debug|Any CPU.Build.0 = Debug|Any CPU
		{0CE26B5C-F2CF-4C00-8E31-C49938777D9E}.Release|Any CPU.ActiveCfg = Release|Any CPU
		{0CE26B5C-F2CF-4C00-8E31-C49938777D9E}.Release|Any CPU.Build.0 = Release|Any CPU
		{C4152352-3806-47F0-8925-3CFA20AAC280}.Debug|Any CPU.ActiveCfg = Debug|Any CPU
		{C4152352-3806-47F0-8925-3CFA20AAC280}.Debug|Any CPU.Build.0 = Debug|Any CPU
		{C4152352-3806-47F0-8925-3CFA20AAC280}.Release|Any CPU.ActiveCfg = Release|Any CPU
		{C4152352-3806-47F0-8925-3CFA20AAC280}.Release|Any CPU.Build.0 = Release|Any CPU
	EndGlobalSection
	GlobalSection(SolutionProperties) = preSolution
		HideSolutionNode = FALSE
	EndGlobalSection
	GlobalSection(ExtensibilityGlobals) = postSolution
		SolutionGuid = {08BE3833-EDC2-4ACE-A18F-FF6C622B2605}
	EndGlobalSection
EndGlobal
